
Microsoft Visual Studio Solution File, Format Version 12.00
# Visual Studio Version 16
VisualStudioVersion = 16.0.32802.440
MinimumVisualStudioVersion = 10.0.40219.1
Project("{8BC9CEB8-8B4A-11D0-8D11-00A0C91BC942}") = "Circulation0316", "Circulation0316.vcxproj", "{D050F455-92A1-4696-A2A0-6169B07D4E48}"
EndProject
Global
	GlobalSection(SolutionConfigurationPlatforms) = preSolution
		Debug|x64 = Debug|x64
		Debug|x86 = Debug|x86
		Release|x64 = Release|x64
		Release|x86 = Release|x86
	EndGlobalSection
	GlobalSection(ProjectConfigurationPlatforms) = postSolution
		{D050F455-92A1-4696-A2A0-6169B07D4E48}.Debug|x64.ActiveCfg = Debug|x64
		{D050F455-92A1-4696-A2A0-6169B07D4E48}.Debug|x64.Build.0 = Debug|x64
		{D050F455-92A1-4696-A2A0-6169B07D4E48}.Debug|x86.ActiveCfg = Debug|Win32
		{D050F455-92A1-4696-A2A0-6169B07D4E48}.Debug|x86.Build.0 = Debug|Win32
		{D050F455-92A1-4696-A2A0-6169B07D4E48}.Release|x64.ActiveCfg = Release|x64
		{D050F455-92A1-4696-A2A0-6169B07D4E48}.Release|x64.Build.0 = Release|x64
		{D050F455-92A1-4696-A2A0-6169B07D4E48}.Release|x86.ActiveCfg = Release|Win32
		{D050F455-92A1-4696-A2A0-6169B07D4E48}.Release|x86.Build.0 = Release|Win32
	EndGlobalSection
	GlobalSection(SolutionProperties) = preSolution
		HideSolutionNode = FALSE
	EndGlobalSection
	GlobalSection(ExtensibilityGlobals) = postSolution
		SolutionGuid = {341B7670-0C65-417C-9CE5-88153DFAEFF1}
	EndGlobalSection
EndGlobal
